// !$*UTF8*$!
{
	archiveVersion = 1;
	classes = {
	};
	objectVersion = 50;
	objects = {

/* Begin PBXBuildFile section */
		72404DD320D9DE4A0097E414 /* CategoryTableViewController.swift in Sources */ = {isa = PBXBuildFile; fileRef = 72404DD220D9DE4A0097E414 /* CategoryTableViewController.swift */; };
		726E87D420DB0BFB00EF8EA7 /* Item.swift in Sources */ = {isa = PBXBuildFile; fileRef = 726E87D320DB0BFB00EF8EA7 /* Item.swift */; };
		726E87D620DB0C0600EF8EA7 /* Category.swift in Sources */ = {isa = PBXBuildFile; fileRef = 726E87D520DB0C0600EF8EA7 /* Category.swift */; };
		72B6C59C20D9675200112BF0 /* AppDelegate.swift in Sources */ = {isa = PBXBuildFile; fileRef = 72B6C59B20D9675200112BF0 /* AppDelegate.swift */; };
		72B6C59E20D9675200112BF0 /* TodoListViewController.swift in Sources */ = {isa = PBXBuildFile; fileRef = 72B6C59D20D9675200112BF0 /* TodoListViewController.swift */; };
		72B6C5A120D9675200112BF0 /* Main.storyboard in Resources */ = {isa = PBXBuildFile; fileRef = 72B6C59F20D9675200112BF0 /* Main.storyboard */; };
		72B6C5A320D9675300112BF0 /* Assets.xcassets in Resources */ = {isa = PBXBuildFile; fileRef = 72B6C5A220D9675300112BF0 /* Assets.xcassets */; };
		72B6C5A620D9675300112BF0 /* LaunchScreen.storyboard in Resources */ = {isa = PBXBuildFile; fileRef = 72B6C5A420D9675300112BF0 /* LaunchScreen.storyboard */; };
		8AD7CB23D3CF7383948DD521 /* Pods_Todoey.framework in Frameworks */ = {isa = PBXBuildFile; fileRef = 612DFBB9353A97A5C876F07D /* Pods_Todoey.framework */; };
/* End PBXBuildFile section */

/* Begin PBXFileReference section */
		11F27AE461DD059045002A16 /* Pods-Todoey.release.xcconfig */ = {isa = PBXFileReference; includeInIndex = 1; lastKnownFileType = text.xcconfig; name = "Pods-Todoey.release.xcconfig"; path = "Pods/Target Support Files/Pods-Todoey/Pods-Todoey.release.xcconfig"; sourceTree = "<group>"; };
		5F0825AE6C34099B4DC67C80 /* Pods-Todoey.debug.xcconfig */ = {isa = PBXFileReference; includeInIndex = 1; lastKnownFileType = text.xcconfig; name = "Pods-Todoey.debug.xcconfig"; path = "Pods/Target Support Files/Pods-Todoey/Pods-Todoey.debug.xcconfig"; sourceTree = "<group>"; };
		612DFBB9353A97A5C876F07D /* Pods_Todoey.framework */ = {isa = PBXFileReference; explicitFileType = wrapper.framework; includeInIndex = 0; path = Pods_Todoey.framework; sourceTree = BUILT_PRODUCTS_DIR; };
		72404DD220D9DE4A0097E414 /* CategoryTableViewController.swift */ = {isa = PBXFileReference; lastKnownFileType = sourcecode.swift; path = CategoryTableViewController.swift; sourceTree = "<group>"; };
		726E87D320DB0BFB00EF8EA7 /* Item.swift */ = {isa = PBXFileReference; lastKnownFileType = sourcecode.swift; path = Item.swift; sourceTree = "<group>"; };
		726E87D520DB0C0600EF8EA7 /* Category.swift */ = {isa = PBXFileReference; lastKnownFileType = sourcecode.swift; path = Category.swift; sourceTree = "<group>"; };
		72B6C59820D9675200112BF0 /* Todoey.app */ = {isa = PBXFileReference; explicitFileType = wrapper.application; includeInIndex = 0; path = Todoey.app; sourceTree = BUILT_PRODUCTS_DIR; };
		72B6C59B20D9675200112BF0 /* AppDelegate.swift */ = {isa = PBXFileReference; lastKnownFileType = sourcecode.swift; path = AppDelegate.swift; sourceTree = "<group>"; };
		72B6C59D20D9675200112BF0 /* TodoListViewController.swift */ = {isa = PBXFileReference; lastKnownFileType = sourcecode.swift; path = TodoListViewController.swift; sourceTree = "<group>"; };
		72B6C5A020D9675200112BF0 /* Base */ = {isa = PBXFileReference; lastKnownFileType = file.storyboard; name = Base; path = Base.lproj/Main.storyboard; sourceTree = "<group>"; };
		72B6C5A220D9675300112BF0 /* Assets.xcassets */ = {isa = PBXFileReference; lastKnownFileType = folder.assetcatalog; path = Assets.xcassets; sourceTree = "<group>"; };
		72B6C5A520D9675300112BF0 /* Base */ = {isa = PBXFileReference; lastKnownFileType = file.storyboard; name = Base; path = Base.lproj/LaunchScreen.storyboard; sourceTree = "<group>"; };
		72B6C5A720D9675300112BF0 /* Info.plist */ = {isa = PBXFileReference; lastKnownFileType = text.plist.xml; path = Info.plist; sourceTree = "<group>"; };
/* End PBXFileReference section */

/* Begin PBXFrameworksBuildPhase section */
		72B6C59520D9675200112BF0 /* Frameworks */ = {
			isa = PBXFrameworksBuildPhase;
			buildActionMask = 2147483647;
			files = (
				8AD7CB23D3CF7383948DD521 /* Pods_Todoey.framework in Frameworks */,
			);
			runOnlyForDeploymentPostprocessing = 0;
		};
/* End PBXFrameworksBuildPhase section */

/* Begin PBXGroup section */
		72B6C58F20D9675200112BF0 = {
			isa = PBXGroup;
			children = (
				72B6C59A20D9675200112BF0 /* Todoey */,
				72B6C59920D9675200112BF0 /* Products */,
				DD631059550C0D2536C53665 /* Pods */,
				B81DA3137213D4A40513E405 /* Frameworks */,
			);
			sourceTree = "<group>";
		};
		72B6C59920D9675200112BF0 /* Products */ = {
			isa = PBXGroup;
			children = (
				72B6C59820D9675200112BF0 /* Todoey.app */,
			);
			name = Products;
			sourceTree = "<group>";
		};
		72B6C59A20D9675200112BF0 /* Todoey */ = {
			isa = PBXGroup;
			children = (
				72B6C5A720D9675300112BF0 /* Info.plist */,
				72B6C5B020D97D3A00112BF0 /* Supporting files */,
				72B6C5AD20D97CFE00112BF0 /* Model */,
				72B6C5AF20D97D1700112BF0 /* Views */,
				72B6C5AE20D97D0A00112BF0 /* Controllers */,
			);
			path = Todoey;
			sourceTree = "<group>";
		};
		72B6C5AD20D97CFE00112BF0 /* Model */ = {
			isa = PBXGroup;
			children = (
				726E87D520DB0C0600EF8EA7 /* Category.swift */,
				726E87D320DB0BFB00EF8EA7 /* Item.swift */,
			);
			path = Model;
			sourceTree = "<group>";
		};
		72B6C5AE20D97D0A00112BF0 /* Controllers */ = {
			isa = PBXGroup;
			children = (
				72404DD220D9DE4A0097E414 /* CategoryTableViewController.swift */,
				72B6C59D20D9675200112BF0 /* TodoListViewController.swift */,
				72B6C59B20D9675200112BF0 /* AppDelegate.swift */,
			);
			path = Controllers;
			sourceTree = "<group>";
		};
		72B6C5AF20D97D1700112BF0 /* Views */ = {
			isa = PBXGroup;
			children = (
				72B6C59F20D9675200112BF0 /* Main.storyboard */,
			);
			path = Views;
			sourceTree = "<group>";
		};
		72B6C5B020D97D3A00112BF0 /* Supporting files */ = {
			isa = PBXGroup;
			children = (
				72B6C5A420D9675300112BF0 /* LaunchScreen.storyboard */,
				72B6C5A220D9675300112BF0 /* Assets.xcassets */,
			);
			path = "Supporting files";
			sourceTree = "<group>";
		};
		B81DA3137213D4A40513E405 /* Frameworks */ = {
			isa = PBXGroup;
			children = (
				612DFBB9353A97A5C876F07D /* Pods_Todoey.framework */,
			);
			name = Frameworks;
			sourceTree = "<group>";
		};
		DD631059550C0D2536C53665 /* Pods */ = {
			isa = PBXGroup;
			children = (
				5F0825AE6C34099B4DC67C80 /* Pods-Todoey.debug.xcconfig */,
				11F27AE461DD059045002A16 /* Pods-Todoey.release.xcconfig */,
			);
			name = Pods;
			sourceTree = "<group>";
		};
/* End PBXGroup section */

/* Begin PBXNativeTarget section */
		72B6C59720D9675200112BF0 /* Todoey */ = {
			isa = PBXNativeTarget;
			buildConfigurationList = 72B6C5AA20D9675300112BF0 /* Build configuration list for PBXNativeTarget "Todoey" */;
			buildPhases = (
				31F9E773350E05D06D646D13 /* [CP] Check Pods Manifest.lock */,
				72B6C59420D9675200112BF0 /* Sources */,
				72B6C59520D9675200112BF0 /* Frameworks */,
				72B6C59620D9675200112BF0 /* Resources */,
				340DBBCDDF763F364E9B76E7 /* [CP] Embed Pods Frameworks */,
			);
			buildRules = (
			);
			dependencies = (
			);
			name = Todoey;
			productName = Todoey;
			productReference = 72B6C59820D9675200112BF0 /* Todoey.app */;
			productType = "com.apple.product-type.application";
		};
/* End PBXNativeTarget section */

/* Begin PBXProject section */
		72B6C59020D9675200112BF0 /* Project object */ = {
			isa = PBXProject;
			attributes = {
				LastSwiftUpdateCheck = 0940;
				LastUpgradeCheck = 0940;
				ORGANIZATIONNAME = BryanMtz;
				TargetAttributes = {
					72B6C59720D9675200112BF0 = {
						CreatedOnToolsVersion = 9.4;
					};
				};
			};
			buildConfigurationList = 72B6C59320D9675200112BF0 /* Build configuration list for PBXProject "Todoey" */;
			compatibilityVersion = "Xcode 9.3";
			developmentRegion = en;
			hasScannedForEncodings = 0;
			knownRegions = (
				en,
				Base,
			);
			mainGroup = 72B6C58F20D9675200112BF0;
			productRefGroup = 72B6C59920D9675200112BF0 /* Products */;
			projectDirPath = "";
			projectRoot = "";
			targets = (
				72B6C59720D9675200112BF0 /* Todoey */,
			);
		};
/* End PBXProject section */

/* Begin PBXResourcesBuildPhase section */
		72B6C59620D9675200112BF0 /* Resources */ = {
			isa = PBXResourcesBuildPhase;
			buildActionMask = 2147483647;
			files = (
				72B6C5A620D9675300112BF0 /* LaunchScreen.storyboard in Resources */,
				72B6C5A320D9675300112BF0 /* Assets.xcassets in Resources */,
				72B6C5A120D9675200112BF0 /* Main.storyboard in Resources */,
			);
			runOnlyForDeploymentPostprocessing = 0;
		};
/* End PBXResourcesBuildPhase section */

/* Begin PBXShellScriptBuildPhase section */
		31F9E773350E05D06D646D13 /* [CP] Check Pods Manifest.lock */ = {
			isa = PBXShellScriptBuildPhase;
			buildActionMask = 2147483647;
			files = (
			);
			inputPaths = (
				"${PODS_PODFILE_DIR_PATH}/Podfile.lock",
				"${PODS_ROOT}/Manifest.lock",
			);
			name = "[CP] Check Pods Manifest.lock";
			outputPaths = (
				"$(DERIVED_FILE_DIR)/Pods-Todoey-checkManifestLockResult.txt",
			);
			runOnlyForDeploymentPostprocessing = 0;
			shellPath = /bin/sh;
			shellScript = "diff \"${PODS_PODFILE_DIR_PATH}/Podfile.lock\" \"${PODS_ROOT}/Manifest.lock\" > /dev/null\nif [ $? != 0 ] ; then\n    # print error to STDERR\n    echo \"error: The sandbox is not in sync with the Podfile.lock. Run 'pod install' or update your CocoaPods installation.\" >&2\n    exit 1\nfi\n# This output is used by Xcode 'outputs' to avoid re-running this script phase.\necho \"SUCCESS\" > \"${SCRIPT_OUTPUT_FILE_0}\"\n";
			showEnvVarsInLog = 0;
		};
		340DBBCDDF763F364E9B76E7 /* [CP] Embed Pods Frameworks */ = {
			isa = PBXShellScriptBuildPhase;
			buildActionMask = 2147483647;
			files = (
			);
			inputPaths = (
				"${SRCROOT}/Pods/Target Support Files/Pods-Todoey/Pods-Todoey-frameworks.sh",
				"${BUILT_PRODUCTS_DIR}/Realm/Realm.framework",
				"${BUILT_PRODUCTS_DIR}/RealmSwift/RealmSwift.framework",
			);
			name = "[CP] Embed Pods Frameworks";
			outputPaths = (
				"${TARGET_BUILD_DIR}/${FRAMEWORKS_FOLDER_PATH}/Realm.framework",
				"${TARGET_BUILD_DIR}/${FRAMEWORKS_FOLDER_PATH}/RealmSwift.framework",
			);
			runOnlyForDeploymentPostprocessing = 0;
			shellPath = /bin/sh;
			shellScript = "\"${SRCROOT}/Pods/Target Support Files/Pods-Todoey/Pods-Todoey-frameworks.sh\"\n";
			showEnvVarsInLog = 0;
		};
/* End PBXShellScriptBuildPhase section */

/* Begin PBXSourcesBuildPhase section */
		72B6C59420D9675200112BF0 /* Sources */ = {
			isa = PBXSourcesBuildPhase;
			buildActionMask = 2147483647;
			files = (
				726E87D420DB0BFB00EF8EA7 /* Item.swift in Sources */,
				72B6C59E20D9675200112BF0 /* TodoListViewController.swift in Sources */,
				72B6C59C20D9675200112BF0 /* AppDelegate.swift in Sources */,
				72404DD320D9DE4A0097E414 /* CategoryTableViewController.swift in Sources */,
				726E87D620DB0C0600EF8EA7 /* Category.swift in Sources */,
			);
			runOnlyForDeploymentPostprocessing = 0;
		};
/* End PBXSourcesBuildPhase section */

/* Begin PBXVariantGroup section */
		72B6C59F20D9675200112BF0 /* Main.storyboard */ = {
			isa = PBXVariantGroup;
			children = (
				72B6C5A020D9675200112BF0 /* Base */,
			);
			name = Main.storyboard;
			sourceTree = "<group>";
		};
		72B6C5A420D9675300112BF0 /* LaunchScreen.storyboard */ = {
			isa = PBXVariantGroup;
			children = (
				72B6C5A520D9675300112BF0 /* Base */,
			);
			name = LaunchScreen.storyboard;
			sourceTree = "<group>";
		};
/* End PBXVariantGroup section */

/* Begin XCBuildConfiguration section */
		72B6C5A820D9675300112BF0 /* Debug */ = {
			isa = XCBuildConfiguration;
			buildSettings = {
				ALWAYS_SEARCH_USER_PATHS = NO;
				CLANG_ANALYZER_NONNULL = YES;
				CLANG_ANALYZER_NUMBER_OBJECT_CONVERSION = YES_AGGRESSIVE;
				CLANG_CXX_LANGUAGE_STANDARD = "gnu++14";
				CLANG_CXX_LIBRARY = "libc++";
				CLANG_ENABLE_MODULES = YES;
				CLANG_ENABLE_OBJC_ARC = YES;
				CLANG_ENABLE_OBJC_WEAK = YES;
				CLANG_WARN_BLOCK_CAPTURE_AUTORELEASING = YES;
				CLANG_WARN_BOOL_CONVERSION = YES;
				CLANG_WARN_COMMA = YES;
				CLANG_WARN_CONSTANT_CONVERSION = YES;
				CLANG_WARN_DEPRECATED_OBJC_IMPLEMENTATIONS = YES;
				CLANG_WARN_DIRECT_OBJC_ISA_USAGE = YES_ERROR;
				CLANG_WARN_DOCUMENTATION_COMMENTS = YES;
				CLANG_WARN_EMPTY_BODY = YES;
				CLANG_WARN_ENUM_CONVERSION = YES;
				CLANG_WARN_INFINITE_RECURSION = YES;
				CLANG_WARN_INT_CONVERSION = YES;
				CLANG_WARN_NON_LITERAL_NULL_CONVERSION = YES;
				CLANG_WARN_OBJC_IMPLICIT_RETAIN_SELF = YES;
				CLANG_WARN_OBJC_LITERAL_CONVERSION = YES;
				CLANG_WARN_OBJC_ROOT_CLASS = YES_ERROR;
				CLANG_WARN_RANGE_LOOP_ANALYSIS = YES;
				CLANG_WARN_STRICT_PROTOTYPES = YES;
				CLANG_WARN_SUSPICIOUS_MOVE = YES;
				CLANG_WARN_UNGUARDED_AVAILABILITY = YES_AGGRESSIVE;
				CLANG_WARN_UNREACHABLE_CODE = YES;
				CLANG_WARN__DUPLICATE_METHOD_MATCH = YES;
				CODE_SIGN_IDENTITY = "iPhone Developer";
				COPY_PHASE_STRIP = NO;
				DEBUG_INFORMATION_FORMAT = dwarf;
				ENABLE_STRICT_OBJC_MSGSEND = YES;
				ENABLE_TESTABILITY = YES;
				GCC_C_LANGUAGE_STANDARD = gnu11;
				GCC_DYNAMIC_NO_PIC = NO;
				GCC_NO_COMMON_BLOCKS = YES;
				GCC_OPTIMIZATION_LEVEL = 0;
				GCC_PREPROCESSOR_DEFINITIONS = (
					"DEBUG=1",
					"$(inherited)",
				);
				GCC_WARN_64_TO_32_BIT_CONVERSION = YES;
				GCC_WARN_ABOUT_RETURN_TYPE = YES_ERROR;
				GCC_WARN_UNDECLARED_SELECTOR = YES;
				GCC_WARN_UNINITIALIZED_AUTOS = YES_AGGRESSIVE;
				GCC_WARN_UNUSED_FUNCTION = YES;
				GCC_WARN_UNUSED_VARIABLE = YES;
				IPHONEOS_DEPLOYMENT_TARGET = 11.4;
				MTL_ENABLE_DEBUG_INFO = YES;
				ONLY_ACTIVE_ARCH = YES;
				SDKROOT = iphoneos;
				SWIFT_ACTIVE_COMPILATION_CONDITIONS = DEBUG;
				SWIFT_OPTIMIZATION_LEVEL = "-Onone";
			};
			name = Debug;
		};
		72B6C5A920D9675300112BF0 /* Release */ = {
			isa = XCBuildConfiguration;
			buildSettings = {
				ALWAYS_SEARCH_USER_PATHS = NO;
				CLANG_ANALYZER_NONNULL = YES;
				CLANG_ANALYZER_NUMBER_OBJECT_CONVERSION = YES_AGGRESSIVE;
				CLANG_CXX_LANGUAGE_STANDARD = "gnu++14";
				CLANG_CXX_LIBRARY = "libc++";
				CLANG_ENABLE_MODULES = YES;
				CLANG_ENABLE_OBJC_ARC = YES;
				CLANG_ENABLE_OBJC_WEAK = YES;
				CLANG_WARN_BLOCK_CAPTURE_AUTORELEASING = YES;
				CLANG_WARN_BOOL_CONVERSION = YES;
				CLANG_WARN_COMMA = YES;
				CLANG_WARN_CONSTANT_CONVERSION = YES;
				CLANG_WARN_DEPRECATED_OBJC_IMPLEMENTATIONS = YES;
				CLANG_WARN_DIRECT_OBJC_ISA_USAGE = YES_ERROR;
				CLANG_WARN_DOCUMENTATION_COMMENTS = YES;
				CLANG_WARN_EMPTY_BODY = YES;
				CLANG_WARN_ENUM_CONVERSION = YES;
				CLANG_WARN_INFINITE_RECURSION = YES;
				CLANG_WARN_INT_CONVERSION = YES;
				CLANG_WARN_NON_LITERAL_NULL_CONVERSION = YES;
				CLANG_WARN_OBJC_IMPLICIT_RETAIN_SELF = YES;
				CLANG_WARN_OBJC_LITERAL_CONVERSION = YES;
				CLANG_WARN_OBJC_ROOT_CLASS = YES_ERROR;
				CLANG_WARN_RANGE_LOOP_ANALYSIS = YES;
				CLANG_WARN_STRICT_PROTOTYPES = YES;
				CLANG_WARN_SUSPICIOUS_MOVE = YES;
				CLANG_WARN_UNGUARDED_AVAILABILITY = YES_AGGRESSIVE;
				CLANG_WARN_UNREACHABLE_CODE = YES;
				CLANG_WARN__DUPLICATE_METHOD_MATCH = YES;
				CODE_SIGN_IDENTITY = "iPhone Developer";
				COPY_PHASE_STRIP = NO;
				DEBUG_INFORMATION_FORMAT = "dwarf-with-dsym";
				ENABLE_NS_ASSERTIONS = NO;
				ENABLE_STRICT_OBJC_MSGSEND = YES;
				GCC_C_LANGUAGE_STANDARD = gnu11;
				GCC_NO_COMMON_BLOCKS = YES;
				GCC_WARN_64_TO_32_BIT_CONVERSION = YES;
				GCC_WARN_ABOUT_RETURN_TYPE = YES_ERROR;
				GCC_WARN_UNDECLARED_SELECTOR = YES;
				GCC_WARN_UNINITIALIZED_AUTOS = YES_AGGRESSIVE;
				GCC_WARN_UNUSED_FUNCTION = YES;
				GCC_WARN_UNUSED_VARIABLE = YES;
				IPHONEOS_DEPLOYMENT_TARGET = 11.4;
				MTL_ENABLE_DEBUG_INFO = NO;
				SDKROOT = iphoneos;
				SWIFT_COMPILATION_MODE = wholemodule;
				SWIFT_OPTIMIZATION_LEVEL = "-O";
				VALIDATE_PRODUCT = YES;
			};
			name = Release;
		};
		72B6C5AB20D9675300112BF0 /* Debug */ = {
			isa = XCBuildConfiguration;
			baseConfigurationReference = 5F0825AE6C34099B4DC67C80 /* Pods-Todoey.debug.xcconfig */;
			buildSettings = {
				ASSETCATALOG_COMPILER_APPICON_NAME = AppIcon;
				CODE_SIGN_STYLE = Automatic;
				INFOPLIST_FILE = Todoey/Info.plist;
				LD_RUNPATH_SEARCH_PATHS = (
					"$(inherited)",
					"@executable_path/Frameworks",
				);
				PRODUCT_BUNDLE_IDENTIFIER = com.BryanMtz.Todoey;
				PRODUCT_NAME = "$(TARGET_NAME)";
				SWIFT_VERSION = 4.0;
				TARGETED_DEVICE_FAMILY = "1,2";
			};
			name = Debug;
		};
		72B6C5AC20D9675300112BF0 /* Release */ = {
			isa = XCBuildConfiguration;
			baseConfigurationReference = 11F27AE461DD059045002A16 /* Pods-Todoey.release.xcconfig */;
			buildSettings = {
				ASSETCATALOG_COMPILER_APPICON_NAME = AppIcon;
				CODE_SIGN_STYLE = Automatic;
				INFOPLIST_FILE = Todoey/Info.plist;
				LD_RUNPATH_SEARCH_PATHS = (
					"$(inherited)",
					"@executable_path/Frameworks",
				);
				PRODUCT_BUNDLE_IDENTIFIER = com.BryanMtz.Todoey;
				PRODUCT_NAME = "$(TARGET_NAME)";
				SWIFT_VERSION = 4.0;
				TARGETED_DEVICE_FAMILY = "1,2";
			};
			name = Release;
		};
/* End XCBuildConfiguration section */

/* Begin XCConfigurationList section */
		72B6C59320D9675200112BF0 /* Build configuration list for PBXProject "Todoey" */ = {
			isa = XCConfigurationList;
			buildConfigurations = (
				72B6C5A820D9675300112BF0 /* Debug */,
				72B6C5A920D9675300112BF0 /* Release */,
			);
			defaultConfigurationIsVisible = 0;
			defaultConfigurationName = Release;
		};
		72B6C5AA20D9675300112BF0 /* Build configuration list for PBXNativeTarget "Todoey" */ = {
			isa = XCConfigurationList;
			buildConfigurations = (
				72B6C5AB20D9675300112BF0 /* Debug */,
				72B6C5AC20D9675300112BF0 /* Release */,
			);
			defaultConfigurationIsVisible = 0;
			defaultConfigurationName = Release;
		};
/* End XCConfigurationList section */
	};
	rootObject = 72B6C59020D9675200112BF0 /* Project object */;
}
